// !$*UTF8*$!
{
	archiveVersion = 1;
	classes = {
	};
	objectVersion = 46;
	objects = {

/* Begin PBXBuildFile section */
		77F999761BEAF2DC00DB072F /* AppDelegate.swift in Sources */ = {isa = PBXBuildFile; fileRef = 77F999751BEAF2DC00DB072F /* AppDelegate.swift */; };
		77F999781BEAF2DC00DB072F /* ViewController.swift in Sources */ = {isa = PBXBuildFile; fileRef = 77F999771BEAF2DC00DB072F /* ViewController.swift */; };
		77F9997B1BEAF2DC00DB072F /* Main.storyboard in Resources */ = {isa = PBXBuildFile; fileRef = 77F999791BEAF2DC00DB072F /* Main.storyboard */; };
		77F9997D1BEAF2DC00DB072F /* Assets.xcassets in Resources */ = {isa = PBXBuildFile; fileRef = 77F9997C1BEAF2DC00DB072F /* Assets.xcassets */; };
		77F999801BEAF2DC00DB072F /* LaunchScreen.storyboard in Resources */ = {isa = PBXBuildFile; fileRef = 77F9997E1BEAF2DC00DB072F /* LaunchScreen.storyboard */; };
		77F999891BEAF31900DB072F /* NavigationBarExtension.swift in Sources */ = {isa = PBXBuildFile; fileRef = 77F999871BEAF31900DB072F /* NavigationBarExtension.swift */; settings = {ASSET_TAGS = (); }; };
		77F9998A1BEAF31900DB072F /* ParallaxHeaderView.swift in Sources */ = {isa = PBXBuildFile; fileRef = 77F999881BEAF31900DB072F /* ParallaxHeaderView.swift */; settings = {ASSET_TAGS = (); }; };
/* End PBXBuildFile section */

/* Begin PBXFileReference section */
		77F999721BEAF2DC00DB072F /* Example1.app */ = {isa = PBXFileReference; explicitFileType = wrapper.application; includeInIndex = 0; path = Example1.app; sourceTree = BUILT_PRODUCTS_DIR; };
		77F999751BEAF2DC00DB072F /* AppDelegate.swift */ = {isa = PBXFileReference; lastKnownFileType = sourcecode.swift; path = AppDelegate.swift; sourceTree = "<group>"; };
		77F999771BEAF2DC00DB072F /* ViewController.swift */ = {isa = PBXFileReference; lastKnownFileType = sourcecode.swift; path = ViewController.swift; sourceTree = "<group>"; };
		77F9997A1BEAF2DC00DB072F /* Base */ = {isa = PBXFileReference; lastKnownFileType = file.storyboard; name = Base; path = Base.lproj/Main.storyboard; sourceTree = "<group>"; };
		77F9997C1BEAF2DC00DB072F /* Assets.xcassets */ = {isa = PBXFileReference; lastKnownFileType = folder.assetcatalog; path = Assets.xcassets; sourceTree = "<group>"; };
		77F9997F1BEAF2DC00DB072F /* Base */ = {isa = PBXFileReference; lastKnownFileType = file.storyboard; name = Base; path = Base.lproj/LaunchScreen.storyboard; sourceTree = "<group>"; };
		77F999811BEAF2DC00DB072F /* Info.plist */ = {isa = PBXFileReference; lastKnownFileType = text.plist.xml; path = Info.plist; sourceTree = "<group>"; };
		77F999871BEAF31900DB072F /* NavigationBarExtension.swift */ = {isa = PBXFileReference; fileEncoding = 4; lastKnownFileType = sourcecode.swift; path = NavigationBarExtension.swift; sourceTree = "<group>"; };
		77F999881BEAF31900DB072F /* ParallaxHeaderView.swift */ = {isa = PBXFileReference; fileEncoding = 4; lastKnownFileType = sourcecode.swift; path = ParallaxHeaderView.swift; sourceTree = "<group>"; };
/* End PBXFileReference section */

/* Begin PBXFrameworksBuildPhase section */
		77F9996F1BEAF2DC00DB072F /* Frameworks */ = {
			isa = PBXFrameworksBuildPhase;
			buildActionMask = 2147483647;
			files = (
			);
			runOnlyForDeploymentPostprocessing = 0;
		};
/* End PBXFrameworksBuildPhase section */

/* Begin PBXGroup section */
		77F999691BEAF2DC00DB072F = {
			isa = PBXGroup;
			children = (
				77F999741BEAF2DC00DB072F /* Example1 */,
				77F999731BEAF2DC00DB072F /* Products */,
			);
			sourceTree = "<group>";
		};
		77F999731BEAF2DC00DB072F /* Products */ = {
			isa = PBXGroup;
			children = (
				77F999721BEAF2DC00DB072F /* Example1.app */,
			);
			name = Products;
			sourceTree = "<group>";
		};
		77F999741BEAF2DC00DB072F /* Example1 */ = {
			isa = PBXGroup;
			children = (
				77F999871BEAF31900DB072F /* NavigationBarExtension.swift */,
				77F999881BEAF31900DB072F /* ParallaxHeaderView.swift */,
				77F999751BEAF2DC00DB072F /* AppDelegate.swift */,
				77F999771BEAF2DC00DB072F /* ViewController.swift */,
				77F999791BEAF2DC00DB072F /* Main.storyboard */,
				77F9997C1BEAF2DC00DB072F /* Assets.xcassets */,
				77F9997E1BEAF2DC00DB072F /* LaunchScreen.storyboard */,
				77F999811BEAF2DC00DB072F /* Info.plist */,
			);
			path = Example1;
			sourceTree = "<group>";
		};
/* End PBXGroup section */

/* Begin PBXNativeTarget section */
		77F999711BEAF2DC00DB072F /* Example1 */ = {
			isa = PBXNativeTarget;
			buildConfigurationList = 77F999841BEAF2DC00DB072F /* Build configuration list for PBXNativeTarget "Example1" */;
			buildPhases = (
				77F9996E1BEAF2DC00DB072F /* Sources */,
				77F9996F1BEAF2DC00DB072F /* Frameworks */,
				77F999701BEAF2DC00DB072F /* Resources */,
			);
			buildRules = (
			);
			dependencies = (
			);
			name = Example1;
			productName = Example1;
			productReference = 77F999721BEAF2DC00DB072F /* Example1.app */;
			productType = "com.apple.product-type.application";
		};
/* End PBXNativeTarget section */

/* Begin PBXProject section */
		77F9996A1BEAF2DC00DB072F /* Project object */ = {
			isa = PBXProject;
			attributes = {
				LastUpgradeCheck = 0700;
				ORGANIZATIONNAME = wl;
				TargetAttributes = {
					77F999711BEAF2DC00DB072F = {
						CreatedOnToolsVersion = 7.0.1;
						DevelopmentTeam = NLUGDBP35M;
					};
				};
			};
			buildConfigurationList = 77F9996D1BEAF2DC00DB072F /* Build configuration list for PBXProject "Example1" */;
			compatibilityVersion = "Xcode 3.2";
			developmentRegion = English;
			hasScannedForEncodings = 0;
			knownRegions = (
				en,
				Base,
			);
			mainGroup = 77F999691BEAF2DC00DB072F;
			productRefGroup = 77F999731BEAF2DC00DB072F /* Products */;
			projectDirPath = "";
			projectRoot = "";
			targets = (
				77F999711BEAF2DC00DB072F /* Example1 */,
			);
		};
/* End PBXProject section */

/* Begin PBXResourcesBuildPhase section */
		77F999701BEAF2DC00DB072F /* Resources */ = {
			isa = PBXResourcesBuildPhase;
			buildActionMask = 2147483647;
			files = (
				77F999801BEAF2DC00DB072F /* LaunchScreen.storyboard in Resources */,
				77F9997D1BEAF2DC00DB072F /* Assets.xcassets in Resources */,
				77F9997B1BEAF2DC00DB072F /* Main.storyboard in Resources */,
			);
			runOnlyForDeploymentPostprocessing = 0;
		};
/* End PBXResourcesBuildPhase section */

/* Begin PBXSourcesBuildPhase section */
		77F9996E1BEAF2DC00DB072F /* Sources */ = {
			isa = PBXSourcesBuildPhase;
			buildActionMask = 2147483647;
			files = (
				77F9998A1BEAF31900DB072F /* ParallaxHeaderView.swift in Sources */,
				77F999781BEAF2DC00DB072F /* ViewController.swift in Sources */,
				77F999891BEAF31900DB072F /* NavigationBarExtension.swift in Sources */,
				77F999761BEAF2DC00DB072F /* AppDelegate.swift in Sources */,
			);
			runOnlyForDeploymentPostprocessing = 0;
		};
/* End PBXSourcesBuildPhase section */

/* Begin PBXVariantGroup section */
		77F999791BEAF2DC00DB072F /* Main.storyboard */ = {
			isa = PBXVariantGroup;
			children = (
				77F9997A1BEAF2DC00DB072F /* Base */,
			);
			name = Main.storyboard;
			sourceTree = "<group>";
		};
		77F9997E1BEAF2DC00DB072F /* LaunchScreen.storyboard */ = {
			isa = PBXVariantGroup;
			children = (
				77F9997F1BEAF2DC00DB072F /* Base */,
			);
			name = LaunchScreen.storyboard;
			sourceTree = "<group>";
		};
/* End PBXVariantGroup section */

/* Begin XCBuildConfiguration section */
		77F999821BEAF2DC00DB072F /* Debug */ = {
			isa = XCBuildConfiguration;
			buildSettings = {
				ALWAYS_SEARCH_USER_PATHS = NO;
				CLANG_CXX_LANGUAGE_STANDARD = "gnu++0x";
				CLANG_CXX_LIBRARY = "libc++";
				CLANG_ENABLE_MODULES = YES;
				CLANG_ENABLE_OBJC_ARC = YES;
				CLANG_WARN_BOOL_CONVERSION = YES;
				CLANG_WARN_CONSTANT_CONVERSION = YES;
				CLANG_WARN_DIRECT_OBJC_ISA_USAGE = YES_ERROR;
				CLANG_WARN_EMPTY_BODY = YES;
				CLANG_WARN_ENUM_CONVERSION = YES;
				CLANG_WARN_INT_CONVERSION = YES;
				CLANG_WARN_OBJC_ROOT_CLASS = YES_ERROR;
				CLANG_WARN_UNREACHABLE_CODE = YES;
				CLANG_WARN__DUPLICATE_METHOD_MATCH = YES;
				"CODE_SIGN_IDENTITY[sdk=iphoneos*]" = "iPhone Developer";
				COPY_PHASE_STRIP = NO;
				DEBUG_INFORMATION_FORMAT = dwarf;
				ENABLE_STRICT_OBJC_MSGSEND = YES;
				ENABLE_TESTABILITY = YES;
				GCC_C_LANGUAGE_STANDARD = gnu99;
				GCC_DYNAMIC_NO_PIC = NO;
				GCC_NO_COMMON_BLOCKS = YES;
				GCC_OPTIMIZATION_LEVEL = 0;
				GCC_PREPROCESSOR_DEFINITIONS = (
					"DEBUG=1",
					"$(inherited)",
				);
				GCC_WARN_64_TO_32_BIT_CONVERSION = YES;
				GCC_WARN_ABOUT_RETURN_TYPE = YES_ERROR;
				GCC_WARN_UNDECLARED_SELECTOR = YES;
				GCC_WARN_UNINITIALIZED_AUTOS = YES_AGGRESSIVE;
				GCC_WARN_UNUSED_FUNCTION = YES;
				GCC_WARN_UNUSED_VARIABLE = YES;
				IPHONEOS_DEPLOYMENT_TARGET = 9.0;
				MTL_ENABLE_DEBUG_INFO = YES;
				ONLY_ACTIVE_ARCH = YES;
				SDKROOT = iphoneos;
				SWIFT_OPTIMIZATION_LEVEL = "-Onone";
			};
			name = Debug;
		};
		77F999831BEAF2DC00DB072F /* Release */ = {
			isa = XCBuildConfiguration;
			buildSettings = {
				ALWAYS_SEARCH_USER_PATHS = NO;
				CLANG_CXX_LANGUAGE_STANDARD = "gnu++0x";
				CLANG_CXX_LIBRARY = "libc++";
				CLANG_ENABLE_MODULES = YES;
				CLANG_ENABLE_OBJC_ARC = YES;
				CLANG_WARN_BOOL_CONVERSION = YES;
				CLANG_WARN_CONSTANT_CONVERSION = YES;
				CLANG_WARN_DIRECT_OBJC_ISA_USAGE = YES_ERROR;
				CLANG_WARN_EMPTY_BODY = YES;
				CLANG_WARN_ENUM_CONVERSION = YES;
				CLANG_WARN_INT_CONVERSION = YES;
				CLANG_WARN_OBJC_ROOT_CLASS = YES_ERROR;
				CLANG_WARN_UNREACHABLE_CODE = YES;
				CLANG_WARN__DUPLICATE_METHOD_MATCH = YES;
				"CODE_SIGN_IDENTITY[sdk=iphoneos*]" = "iPhone Developer";
				COPY_PHASE_STRIP = NO;
				DEBUG_INFORMATION_FORMAT = "dwarf-with-dsym";
				ENABLE_NS_ASSERTIONS = NO;
				ENABLE_STRICT_OBJC_MSGSEND = YES;
				GCC_C_LANGUAGE_STANDARD = gnu99;
				GCC_NO_COMMON_BLOCKS = YES;
				GCC_WARN_64_TO_32_BIT_CONVERSION = YES;
				GCC_WARN_ABOUT_RETURN_TYPE = YES_ERROR;
				GCC_WARN_UNDECLARED_SELECTOR = YES;
				GCC_WARN_UNINITIALIZED_AUTOS = YES_AGGRESSIVE;
				GCC_WARN_UNUSED_FUNCTION = YES;
				GCC_WARN_UNUSED_VARIABLE = YES;
				IPHONEOS_DEPLOYMENT_TARGET = 9.0;
				MTL_ENABLE_DEBUG_INFO = NO;
				SDKROOT = iphoneos;
				VALIDATE_PRODUCT = YES;
			};
			name = Release;
		};
		77F999851BEAF2DC00DB072F /* Debug */ = {
			isa = XCBuildConfiguration;
			buildSettings = {
				ASSETCATALOG_COMPILER_APPICON_NAME = AppIcon;
				INFOPLIST_FILE = Example1/Info.plist;
				LD_RUNPATH_SEARCH_PATHS = "$(inherited) @executable_path/Frameworks";
				PRODUCT_BUNDLE_IDENTIFIER = lyedu.cn.Example1;
				PRODUCT_NAME = "$(TARGET_NAME)";
			};
			name = Debug;
		};
		77F999861BEAF2DC00DB072F /* Release */ = {
			isa = XCBuildConfiguration;
			buildSettings = {
				ASSETCATALOG_COMPILER_APPICON_NAME = AppIcon;
				INFOPLIST_FILE = Example1/Info.plist;
				LD_RUNPATH_SEARCH_PATHS = "$(inherited) @executable_path/Frameworks";
				PRODUCT_BUNDLE_IDENTIFIER = lyedu.cn.Example1;
				PRODUCT_NAME = "$(TARGET_NAME)";
			};
			name = Release;
		};
/* End XCBuildConfiguration section */

/* Begin XCConfigurationList section */
		77F9996D1BEAF2DC00DB072F /* Build configuration list for PBXProject "Example1" */ = {
			isa = XCConfigurationList;
			buildConfigurations = (
				77F999821BEAF2DC00DB072F /* Debug */,
				77F999831BEAF2DC00DB072F /* Release */,
			);
			defaultConfigurationIsVisible = 0;
			defaultConfigurationName = Release;
		};
		77F999841BEAF2DC00DB072F /* Build configuration list for PBXNativeTarget "Example1" */ = {
			isa = XCConfigurationList;
			buildConfigurations = (
				77F999851BEAF2DC00DB072F /* Debug */,
				77F999861BEAF2DC00DB072F /* Release */,
			);
			defaultConfigurationIsVisible = 0;
		};
/* End XCConfigurationList section */
	};
	rootObject = 77F9996A1BEAF2DC00DB072F /* Project object */;
}
